
Microsoft Visual Studio Solution File, Format Version 12.00
# Visual Studio 2013
VisualStudioVersion = 12.0.40629.0
MinimumVisualStudioVersion = 10.0.40219.1
Project("{FAE04EC0-301F-11D3-BF4B-00C04F79EFBC}") = "Docx.Templater", "Docx.Templater\Docx.Templater.csproj", "{B6320046-B27F-41E7-9AA7-C2EE252C0DA5}"
EndProject
Project("{FAE04EC0-301F-11D3-BF4B-00C04F79EFBC}") = "Docx.Templater.Tests", "Docx.Templater.Tests\Docx.Templater.Tests.csproj", "{AAAD9BE9-D2A4-4390-9F00-DF69695155CE}"
EndProject
Project("{FAE04EC0-301F-11D3-BF4B-00C04F79EFBC}") = "Docx.Templater.Example", "Docx.Templater.Example\Docx.Templater.Example.csproj", "{43E6425C-E2E7-4EEF-82DD-2FC8277E1415}"
EndProject
Global
	GlobalSection(SolutionConfigurationPlatforms) = preSolution
		Debug|Any CPU = Debug|Any CPU
		Release|Any CPU = Release|Any CPU
	EndGlobalSection
	GlobalSection(ProjectConfigurationPlatforms) = postSolution
		{B6320046-B27F-41E7-9AA7-C2EE252C0DA5}.Debug|Any CPU.ActiveCfg = Debug|Any CPU
		{B6320046-B27F-41E7-9AA7-C2EE252C0DA5}.Debug|Any CPU.Build.0 = Debug|Any CPU
		{B6320046-B27F-41E7-9AA7-C2EE252C0DA5}.Release|Any CPU.ActiveCfg = Release|Any CPU
		{B6320046-B27F-41E7-9AA7-C2EE252C0DA5}.Release|Any CPU.Build.0 = Release|Any CPU
		{AAAD9BE9-D2A4-4390-9F00-DF69695155CE}.Debug|Any CPU.ActiveCfg = Debug|Any CPU
		{AAAD9BE9-D2A4-4390-9F00-DF69695155CE}.Debug|Any CPU.Build.0 = Debug|Any CPU
		{AAAD9BE9-D2A4-4390-9F00-DF69695155CE}.Release|Any CPU.ActiveCfg = Release|Any CPU
		{AAAD9BE9-D2A4-4390-9F00-DF69695155CE}.Release|Any CPU.Build.0 = Release|Any CPU
		{43E6425C-E2E7-4EEF-82DD-2FC8277E1415}.Debug|Any CPU.ActiveCfg = Debug|Any CPU
		{43E6425C-E2E7-4EEF-82DD-2FC8277E1415}.Debug|Any CPU.Build.0 = Debug|Any CPU
		{43E6425C-E2E7-4EEF-82DD-2FC8277E1415}.Release|Any CPU.ActiveCfg = Release|Any CPU
		{43E6425C-E2E7-4EEF-82DD-2FC8277E1415}.Release|Any CPU.Build.0 = Release|Any CPU
	EndGlobalSection
	GlobalSection(SolutionProperties) = preSolution
		HideSolutionNode = FALSE
	EndGlobalSection
EndGlobal
